{
    "_meta": {
        "hash": {
            "sha256": "a7e71f09755a7376f2ac84beecd998f2df2a3d0474bb1856a0a1d8b7c399a3b2"
        },
        "pipfile-spec": 6,
        "requires": {
            "python_version": "3.9"
        },
        "sources": [
            {
                "name": "pypi",
                "url": "https://pypi.org/simple",
                "verify_ssl": true
            }
        ]
    },
    "default": {
        "asgiref": {
            "hashes": [
                "sha256:5ee950735509d04eb673bd7f7120f8fa1c9e2df495394992c73234d526907e17",
                "sha256:7162a3cb30ab0609f1a4c95938fd73e8604f63bdba516a7f7d64b83ff09478f0"
            ],
            "markers": "python_version >= '3.5'",
            "version": "==3.3.1"
        },
        "django": {
            "hashes": [
                "sha256:32ce792ee9b6a0cbbec340123e229ac9f765dff8c2a4ae9247a14b2ba3a365a7",
                "sha256:baf099db36ad31f970775d0be5587cc58a6256a6771a44eb795b554d45f211b8"
            ],
            "index": "pypi",
            "version": "==3.1.7"
        },
        "django-appconf": {
            "hashes": [
                "sha256:1b1d0e1069c843ebe8ae5aa48ec52403b1440402b320c3e3a206a0907e97bb06",
                "sha256:be58deb54a43d77d2e1621fe59f787681376d3cd0b8bd8e4758ef6c3a6453380"
            ],
            "version": "==1.0.4"
        },
        "django-ckeditor": {
            "hashes": [
                "sha256:29fd1a333cb9741ac2c3fd4e427a5c00115ed33a2389716a09af7656022dcdde",
                "sha256:cc2d377f1bdcd4ca1540caeebe85f7e2cd006198d57328ef6c718d3eaa5a0846"
            ],
            "index": "pypi",
            "version": "==6.0.0"
        },
        "django-environ": {
            "hashes": [
                "sha256:6c9d87660142608f63ec7d5ce5564c49b603ea8ff25da595fd6098f6dc82afde",
                "sha256:c57b3c11ec1f319d9474e3e5a79134f40174b17c7cc024bbb2fad84646b120c4"
            ],
            "index": "pypi",
            "version": "==0.4.5"
        },
        "django-filter": {
            "hashes": [
                "sha256:84e9d5bb93f237e451db814ed422a3a625751cbc9968b484ecc74964a8696b06",
                "sha256:e00d32cebdb3d54273c48f4f878f898dced8d5dfaad009438fe61ebdf535ace1"
            ],
            "index": "pypi",
            "version": "==2.4.0"
        },
        "django-jazzmin": {
            "hashes": [
                "sha256:2f4bb114aaec46ddd54cdc3c19d9845778a38c72dd2e41e0c2177c783e718bba",
                "sha256:888a9a46612609dc60967147b1a0869675d600116793a98eece4cb0b3e7105ad"
            ],
            "index": "pypi",
            "version": "==2.4.4"
        },
        "django-js-asset": {
            "hashes": [
                "sha256:8ec12017f26eec524cab436c64ae73033368a372970af4cf42d9354fcb166bdd",
                "sha256:c163ae80d2e0b22d8fb598047cd0dcef31f81830e127cfecae278ad574167260"
            ],
            "version": "==1.2.2"
        },
        "django-measurement": {
            "hashes": [
                "sha256:8fda226239a4d4ac033270e5bbd5aa3595c1c817f47a657c83f343b492b88220",
                "sha256:aca86e10dc603ea53595ca80aaa43824480342d969e469f4ec83b12df3bad65b"
            ],
            "index": "pypi",
            "version": "==3.2.3"
        },
        "django-multiselectfield": {
            "hashes": [
                "sha256:c270faa7f80588214c55f2d68cbddb2add525c2aa830c216b8a198de914eb470",
                "sha256:d0a4c71568fb2332c71478ffac9f8708e01314a35cf923dfd7a191343452f9f9"
            ],
            "index": "pypi",
            "version": "==0.1.12"
        },
        "djangorestframework": {
            "hashes": [
                "sha256:0209bafcb7b5010fdfec784034f059d512256424de2a0f084cb82b096d6dd6a7",
                "sha256:0898182b4737a7b584a2c73735d89816343369f259fea932d90dc78e35d8ac33"
            ],
            "index": "pypi",
            "version": "==3.12.2"
        },
        "measurement": {
            "hashes": [
                "sha256:352b20f7f0e553236af7c5ed48d091a51cf26061c1a063f46b31706ff7c0d57a"
            ],
            "version": "==3.2.0"
        },
        "mpmath": {
            "hashes": [
                "sha256:604bc21bd22d2322a177c73bdb573994ef76e62edd595d17e00aff24b0667e5c",
                "sha256:79ffb45cf9f4b101a807595bcb3e72e0396202e0b1d25d689134b48c4216a81a"
            ],
            "version": "==1.2.1"
        },
        "psycopg2": {
            "hashes": [
                "sha256:00195b5f6832dbf2876b8bf77f12bdce648224c89c880719c745b90515233301",
                "sha256:068115e13c70dc5982dfc00c5d70437fe37c014c808acce119b5448361c03725",
                "sha256:26e7fd115a6db75267b325de0fba089b911a4a12ebd3d0b5e7acb7028bc46821",
                "sha256:2c93d4d16933fea5bbacbe1aaf8fa8c1348740b2e50b3735d1b0bf8154cbf0f3",
                "sha256:56007a226b8e95aa980ada7abdea6b40b75ce62a433bd27cec7a8178d57f4051",
                "sha256:56fee7f818d032f802b8eed81ef0c1232b8b42390df189cab9cfa87573fe52c5",
                "sha256:6a3d9efb6f36f1fe6aa8dbb5af55e067db802502c55a9defa47c5a1dad41df84",
                "sha256:a49833abfdede8985ba3f3ec641f771cca215479f41523e99dace96d5b8cce2a",
                "sha256:ad2fe8a37be669082e61fb001c185ffb58867fdbb3e7a6b0b0d2ffe232353a3e",
                "sha256:b8cae8b2f022efa1f011cc753adb9cbadfa5a184431d09b273fb49b4167561ad",
                "sha256:d160744652e81c80627a909a0e808f3c6653a40af435744de037e3172cf277f5",
                "sha256:d5062ae50b222da28253059880a871dc87e099c25cb68acf613d9d227413d6f7",
                "sha256:f22ea9b67aea4f4a1718300908a2fb62b3e4276cf00bd829a97ab5894af42ea3",
                "sha256:f974c96fca34ae9e4f49839ba6b78addf0346777b46c4da27a7bf54f48d3057d",
                "sha256:fb23f6c71107c37fd667cb4ea363ddeb936b348bbd6449278eb92c189699f543"
            ],
            "index": "pypi",
            "version": "==2.8.6"
        },
        "pytz": {
            "hashes": [
                "sha256:83a4a90894bf38e243cf052c8b58f381bfe9a7a483f6a9cab140bc7f702ac4da",
                "sha256:eb10ce3e7736052ed3623d49975ce333bcd712c7bb19a58b9e2089d4057d0798"
            ],
            "version": "==2021.1"
        },
        "sqlparse": {
            "hashes": [
                "sha256:017cde379adbd6a1f15a61873f43e8274179378e95ef3fede90b5aa64d304ed0",
                "sha256:0f91fd2e829c44362cbcfab3e9ae12e22badaa8a29ad5ff599f9ec109f0454e8"
            ],
            "markers": "python_version >= '3.5'",
            "version": "==0.4.1"
        },
        "sympy": {
            "hashes": [
                "sha256:a3de9261e97535b83bb8607b0da2c7d03126650fafea2b2789657b229c246b2e",
                "sha256:c986df98babfb9f5ddea49ba7b69398f6d1cfada5ae0dc0431691cddaff851f6"
            ],
            "markers": "python_version >= '3.6'",
            "version": "==1.7.1"
        }
    },
    "develop": {}
}
